{
  "version": 1,
  "note": "Digests of the weight files in models/. Generated by tools/fetch_models.py. Startup verifies every present file against this lock and refuses on mismatch or on any unlisted .onnx (invariant 8). commercial_use=false requires allow_noncommercial_models, an audited operator setting (invariant 9, C7).",
  "models": [
    {
      "id": "yunet-2023mar",
      "name": "YuNet",
      "version": "2023mar",
      "kind": "detector",
      "file": "face_detection_yunet_2023mar.onnx",
      "sha256": "8f2383e4dd3cfbb4553ea8718107fc0423210dc964f9f4280604804ed2552fa4",
      "license": "MIT",
      "commercial_use": true
    },
    {
      "id": "sface-2021dec",
      "name": "SFace",
      "version": "2021dec",
      "kind": "embedder",
      "file": "face_recognition_sface_2021dec.onnx",
      "sha256": "0ba9fbfa01b5270c96627c4ef784da859931e02f04419c829e83484087c34e79",
      "license": "Apache-2.0",
      "commercial_use": true,
      "dim": 128
    },
    {
      "id": "buffalo_l-w600k_r50",
      "name": "buffalo_l w600k_r50",
      "version": "v0.7",
      "kind": "embedder",
      "file": "w600k_r50.onnx",
      "sha256": "4c06341c33c2ca1f86781dab0e829f88ad5b64be9fba56e56bc9ebdefc619e43",
      "license": "InsightFace model license: non-commercial research only",
      "commercial_use": false,
      "dim": 512
    },
    {
      "id": "buffalo_l-det_10g",
      "name": "buffalo_l det_10g (SCRFD-10GF)",
      "version": "v0.7",
      "kind": "detector",
      "file": "det_10g.onnx",
      "sha256": "5838f7fe053675b1c7a08b633df49e7af5495cee0493c7dcf6697200b85b5b91",
      "license": "InsightFace model license: non-commercial research only",
      "commercial_use": false
    },
    {
      "id": "antelopev2-glintr100",
      "name": "antelopev2 glintr100",
      "version": "v0.7",
      "kind": "embedder",
      "file": "glintr100.onnx",
      "sha256": "4ab1d6435d639628a6f3e5008dd4f929edf4c4124b1a7169e1048f9fef534cdf",
      "license": "InsightFace model license: non-commercial research only",
      "commercial_use": false,
      "dim": 512
    }
  ]
}
